
Microsoft Visual Studio Solution File, Format Version 12.00
# Visual Studio Version 17
VisualStudioVersion = 17.13.35825.156
MinimumVisualStudioVersion = 10.0.40219.1
Project("{FAE04EC0-301F-11D3-BF4B-00C04F79EFBC}") = "Mydiary", "ASP.NET_TEST\Mydiary.csproj", "{C0DC0A17-1C8F-46F9-9FE5-F2337C0899FB}"
EndProject
Global
	GlobalSection(SolutionConfigurationPlatforms) = preSolution
		Debug|Any CPU = Debug|Any CPU
		Release|Any CPU = Release|Any CPU
	EndGlobalSection
	GlobalSection(ProjectConfigurationPlatforms) = postSolution
		{C0DC0A17-1C8F-46F9-9FE5-F2337C0899FB}.Debug|Any CPU.ActiveCfg = Debug|Any CPU
		{C0DC0A17-1C8F-46F9-9FE5-F2337C0899FB}.Debug|Any CPU.Build.0 = Debug|Any CPU
		{C0DC0A17-1C8F-46F9-9FE5-F2337C0899FB}.Release|Any CPU.ActiveCfg = Release|Any CPU
		{C0DC0A17-1C8F-46F9-9FE5-F2337C0899FB}.Release|Any CPU.Build.0 = Release|Any CPU
	EndGlobalSection
	GlobalSection(SolutionProperties) = preSolution
		HideSolutionNode = FALSE
	EndGlobalSection
	GlobalSection(ExtensibilityGlobals) = postSolution
		SolutionGuid = {05186EFA-424D-4798-9D8A-F326042EB2A7}
	EndGlobalSection
EndGlobal
